PODS:
  - NativeSDK-Release/HttpConversationManager (3.16.10)
  - NativeSDK-Release/MAFLogon (3.16.10):
    - NativeSDK-Release/HttpConversationManager
    - NativeSDK-Release/Usage
  - NativeSDK-Release/ODataAPI (3.16.10)
  - NativeSDK-Release/ODataOffline (3.16.10):
    - NativeSDK-Release/HttpConversationManager
    - NativeSDK-Release/ODataAPI
    - NativeSDK-Release/Usage
  - NativeSDK-Release/ODataOnline (3.16.10):
    - NativeSDK-Release/HttpConversationManager
    - NativeSDK-Release/ODataAPI
    - NativeSDK-Release/Usage
  - NativeSDK-Release/Usage (3.16.10):
    - NativeSDK-Release/HttpConversationManager

DEPENDENCIES:
  - NativeSDK-Release/HttpConversationManager (from `/Users/ich/repos/SMP_SDK/.git`, tag `3.16.10`)
  - NativeSDK-Release/MAFLogon (from `/Users/ich/repos/SMP_SDK/.git`, tag `3.16.10`)
  - NativeSDK-Release/ODataOffline (from `/Users/ich/repos/SMP_SDK/.git`, tag `3.16.10`)
  - NativeSDK-Release/ODataOnline (from `/Users/ich/repos/SMP_SDK/.git`, tag `3.16.10`)
  - NativeSDK-Release/Usage (from `/Users/ich/repos/SMP_SDK/.git`, tag `3.16.10`)

EXTERNAL SOURCES:
  NativeSDK-Release:
    :git: /Users/ich/repos/SMP_SDK/.git
    :tag: 3.16.10

CHECKOUT OPTIONS:
  NativeSDK-Release:
    :git: /Users/ich/repos/SMP_SDK/.git
    :tag: 3.16.10

SPEC CHECKSUMS:
  NativeSDK-Release: 0b247d68a2db308f17f34aee9f416c0a451a9700

PODFILE CHECKSUM: 200b311fc58d75c0c6cda8637dacb5a63c0d08a4

COCOAPODS: 1.3.1
