// !$*UTF8*$!
{
	archiveVersion = 1;
	classes = {
	};
	objectVersion = 48;
	objects = {

/* Begin PBXBuildFile section */
		54418F901F7AD822002FFD24 /* AppDelegate.swift in Sources */ = {isa = PBXBuildFile; fileRef = 54418F8F1F7AD822002FFD24 /* AppDelegate.swift */; };
		54418F921F7AD822002FFD24 /* ViewController.swift in Sources */ = {isa = PBXBuildFile; fileRef = 54418F911F7AD822002FFD24 /* ViewController.swift */; };
		54418F951F7AD822002FFD24 /* Main.storyboard in Resources */ = {isa = PBXBuildFile; fileRef = 54418F931F7AD822002FFD24 /* Main.storyboard */; };
		54418F971F7AD822002FFD24 /* Assets.xcassets in Resources */ = {isa = PBXBuildFile; fileRef = 54418F961F7AD822002FFD24 /* Assets.xcassets */; };
		54418F9A1F7AD822002FFD24 /* LaunchScreen.storyboard in Resources */ = {isa = PBXBuildFile; fileRef = 54418F981F7AD822002FFD24 /* LaunchScreen.storyboard */; };
		83D229395274332F60A908F8 /* Pods_OnlineStoreCrash.framework in Frameworks */ = {isa = PBXBuildFile; fileRef = D5EC53EF8AF9C7506ED514E1 /* Pods_OnlineStoreCrash.framework */; };
/* End PBXBuildFile section */

/* Begin PBXFileReference section */
		490C0A6B998D81289104D596 /* Pods-OnlineStoreCrash.release.xcconfig */ = {isa = PBXFileReference; includeInIndex = 1; lastKnownFileType = text.xcconfig; name = "Pods-OnlineStoreCrash.release.xcconfig"; path = "Pods/Target Support Files/Pods-OnlineStoreCrash/Pods-OnlineStoreCrash.release.xcconfig"; sourceTree = "<group>"; };
		54418F8C1F7AD822002FFD24 /* OnlineStoreCrash.app */ = {isa = PBXFileReference; explicitFileType = wrapper.application; includeInIndex = 0; path = OnlineStoreCrash.app; sourceTree = BUILT_PRODUCTS_DIR; };
		54418F8F1F7AD822002FFD24 /* AppDelegate.swift */ = {isa = PBXFileReference; lastKnownFileType = sourcecode.swift; path = AppDelegate.swift; sourceTree = "<group>"; };
		54418F911F7AD822002FFD24 /* ViewController.swift */ = {isa = PBXFileReference; lastKnownFileType = sourcecode.swift; path = ViewController.swift; sourceTree = "<group>"; };
		54418F941F7AD822002FFD24 /* Base */ = {isa = PBXFileReference; lastKnownFileType = file.storyboard; name = Base; path = Base.lproj/Main.storyboard; sourceTree = "<group>"; };
		54418F961F7AD822002FFD24 /* Assets.xcassets */ = {isa = PBXFileReference; lastKnownFileType = folder.assetcatalog; path = Assets.xcassets; sourceTree = "<group>"; };
		54418F991F7AD822002FFD24 /* Base */ = {isa = PBXFileReference; lastKnownFileType = file.storyboard; name = Base; path = Base.lproj/LaunchScreen.storyboard; sourceTree = "<group>"; };
		54418F9B1F7AD822002FFD24 /* Info.plist */ = {isa = PBXFileReference; lastKnownFileType = text.plist.xml; path = Info.plist; sourceTree = "<group>"; };
		54431F771F7AE07A007B92B4 /* OnlineStoreCrash-Bridging-Header.h */ = {isa = PBXFileReference; lastKnownFileType = sourcecode.c.h; path = "OnlineStoreCrash-Bridging-Header.h"; sourceTree = "<group>"; };
		5C2493E68BBC92D1CBE0BB4A /* Pods-OnlineStoreCrash.debug.xcconfig */ = {isa = PBXFileReference; includeInIndex = 1; lastKnownFileType = text.xcconfig; name = "Pods-OnlineStoreCrash.debug.xcconfig"; path = "Pods/Target Support Files/Pods-OnlineStoreCrash/Pods-OnlineStoreCrash.debug.xcconfig"; sourceTree = "<group>"; };
		D5EC53EF8AF9C7506ED514E1 /* Pods_OnlineStoreCrash.framework */ = {isa = PBXFileReference; explicitFileType = wrapper.framework; includeInIndex = 0; path = Pods_OnlineStoreCrash.framework; sourceTree = BUILT_PRODUCTS_DIR; };
/* End PBXFileReference section */

/* Begin PBXFrameworksBuildPhase section */
		54418F891F7AD822002FFD24 /* Frameworks */ = {
			isa = PBXFrameworksBuildPhase;
			buildActionMask = 2147483647;
			files = (
				83D229395274332F60A908F8 /* Pods_OnlineStoreCrash.framework in Frameworks */,
			);
			runOnlyForDeploymentPostprocessing = 0;
		};
/* End PBXFrameworksBuildPhase section */

/* Begin PBXGroup section */
		54418F831F7AD822002FFD24 = {
			isa = PBXGroup;
			children = (
				54431F771F7AE07A007B92B4 /* OnlineStoreCrash-Bridging-Header.h */,
				54418F8E1F7AD822002FFD24 /* OnlineStoreCrash */,
				54418F8D1F7AD822002FFD24 /* Products */,
				580F4B31C1B0DA4FDBFBCB47 /* Pods */,
				AB45E9B4F8188725DB24394D /* Frameworks */,
			);
			sourceTree = "<group>";
		};
		54418F8D1F7AD822002FFD24 /* Products */ = {
			isa = PBXGroup;
			children = (
				54418F8C1F7AD822002FFD24 /* OnlineStoreCrash.app */,
			);
			name = Products;
			sourceTree = "<group>";
		};
		54418F8E1F7AD822002FFD24 /* OnlineStoreCrash */ = {
			isa = PBXGroup;
			children = (
				54418F8F1F7AD822002FFD24 /* AppDelegate.swift */,
				54418F911F7AD822002FFD24 /* ViewController.swift */,
				54418F931F7AD822002FFD24 /* Main.storyboard */,
				54418F961F7AD822002FFD24 /* Assets.xcassets */,
				54418F981F7AD822002FFD24 /* LaunchScreen.storyboard */,
				54418F9B1F7AD822002FFD24 /* Info.plist */,
			);
			path = OnlineStoreCrash;
			sourceTree = "<group>";
		};
		580F4B31C1B0DA4FDBFBCB47 /* Pods */ = {
			isa = PBXGroup;
			children = (
				5C2493E68BBC92D1CBE0BB4A /* Pods-OnlineStoreCrash.debug.xcconfig */,
				490C0A6B998D81289104D596 /* Pods-OnlineStoreCrash.release.xcconfig */,
			);
			name = Pods;
			sourceTree = "<group>";
		};
		AB45E9B4F8188725DB24394D /* Frameworks */ = {
			isa = PBXGroup;
			children = (
				D5EC53EF8AF9C7506ED514E1 /* Pods_OnlineStoreCrash.framework */,
			);
			name = Frameworks;
			sourceTree = "<group>";
		};
/* End PBXGroup section */

/* Begin PBXNativeTarget section */
		54418F8B1F7AD822002FFD24 /* OnlineStoreCrash */ = {
			isa = PBXNativeTarget;
			buildConfigurationList = 54418F9E1F7AD822002FFD24 /* Build configuration list for PBXNativeTarget "OnlineStoreCrash" */;
			buildPhases = (
				E07070C450332F17CFBF978E /* [CP] Check Pods Manifest.lock */,
				54418F881F7AD822002FFD24 /* Sources */,
				54418F891F7AD822002FFD24 /* Frameworks */,
				54418F8A1F7AD822002FFD24 /* Resources */,
				F58A24122F4122D813B791FF /* [CP] Embed Pods Frameworks */,
				1CF8249F23E200F97BD59DA1 /* [CP] Copy Pods Resources */,
			);
			buildRules = (
			);
			dependencies = (
			);
			name = OnlineStoreCrash;
			productName = OnlineStoreCrash;
			productReference = 54418F8C1F7AD822002FFD24 /* OnlineStoreCrash.app */;
			productType = "com.apple.product-type.application";
		};
/* End PBXNativeTarget section */

/* Begin PBXProject section */
		54418F841F7AD822002FFD24 /* Project object */ = {
			isa = PBXProject;
			attributes = {
				LastSwiftUpdateCheck = 0900;
				LastUpgradeCheck = 0900;
				ORGANIZATIONNAME = "Gregor Dschung";
				TargetAttributes = {
					54418F8B1F7AD822002FFD24 = {
						CreatedOnToolsVersion = 9.0;
						LastSwiftMigration = 0900;
						ProvisioningStyle = Automatic;
					};
				};
			};
			buildConfigurationList = 54418F871F7AD822002FFD24 /* Build configuration list for PBXProject "OnlineStoreCrash" */;
			compatibilityVersion = "Xcode 8.0";
			developmentRegion = en;
			hasScannedForEncodings = 0;
			knownRegions = (
				en,
				Base,
			);
			mainGroup = 54418F831F7AD822002FFD24;
			productRefGroup = 54418F8D1F7AD822002FFD24 /* Products */;
			projectDirPath = "";
			projectRoot = "";
			targets = (
				54418F8B1F7AD822002FFD24 /* OnlineStoreCrash */,
			);
		};
/* End PBXProject section */

/* Begin PBXResourcesBuildPhase section */
		54418F8A1F7AD822002FFD24 /* Resources */ = {
			isa = PBXResourcesBuildPhase;
			buildActionMask = 2147483647;
			files = (
				54418F9A1F7AD822002FFD24 /* LaunchScreen.storyboard in Resources */,
				54418F971F7AD822002FFD24 /* Assets.xcassets in Resources */,
				54418F951F7AD822002FFD24 /* Main.storyboard in Resources */,
			);
			runOnlyForDeploymentPostprocessing = 0;
		};
/* End PBXResourcesBuildPhase section */

/* Begin PBXShellScriptBuildPhase section */
		1CF8249F23E200F97BD59DA1 /* [CP] Copy Pods Resources */ = {
			isa = PBXShellScriptBuildPhase;
			buildActionMask = 2147483647;
			files = (
			);
			inputPaths = (
				"${SRCROOT}/Pods/Target Support Files/Pods-OnlineStoreCrash/Pods-OnlineStoreCrash-resources.sh",
				"${PODS_ROOT}/NativeSDK-Release/ODataFramework/iOS/includes/bundles/HttpConvAuthFlows.bundle",
				"${PODS_ROOT}/NativeSDK-Release/ODataFramework/iOS/includes/bundles/UserInteractionMultiplexer.bundle",
				"${PODS_ROOT}/NativeSDK-Release/MAFReuse/iOS/includes/bundles/MAFUIComponents.bundle",
				"${PODS_ROOT}/NativeSDK-Release/ODataFramework/iOS/includes/bundles/MobilePlace.bundle/Base.lproj/MobilePlace_iPhone.storyboard",
				"${PODS_ROOT}/NativeSDK-Release/ODataFramework/iOS/includes/bundles/Cache.bundle",
				"${PODS_ROOT}/NativeSDK-Release/ODataFramework/iOS/includes/bundles/Logger.bundle",
				"${PODS_ROOT}/NativeSDK-Release/ODataFramework/iOS/includes/bundles/MAFLogonManagerNG.bundle",
				"${PODS_ROOT}/NativeSDK-Release/ODataFramework/iOS/includes/bundles/MAFLogonUING.bundle",
				"${PODS_ROOT}/NativeSDK-Release/ODataFramework/iOS/includes/bundles/MobilePlace.bundle",
			);
			name = "[CP] Copy Pods Resources";
			outputPaths = (
				"${TARGET_BUILD_DIR}/${UNLOCALIZED_RESOURCES_FOLDER_PATH}",
			);
			runOnlyForDeploymentPostprocessing = 0;
			shellPath = /bin/sh;
			shellScript = "\"${SRCROOT}/Pods/Target Support Files/Pods-OnlineStoreCrash/Pods-OnlineStoreCrash-resources.sh\"\n";
			showEnvVarsInLog = 0;
		};
		E07070C450332F17CFBF978E /* [CP] Check Pods Manifest.lock */ = {
			isa = PBXShellScriptBuildPhase;
			buildActionMask = 2147483647;
			files = (
			);
			inputPaths = (
				"${PODS_PODFILE_DIR_PATH}/Podfile.lock",
				"${PODS_ROOT}/Manifest.lock",
			);
			name = "[CP] Check Pods Manifest.lock";
			outputPaths = (
				"$(DERIVED_FILE_DIR)/Pods-OnlineStoreCrash-checkManifestLockResult.txt",
			);
			runOnlyForDeploymentPostprocessing = 0;
			shellPath = /bin/sh;
			shellScript = "diff \"${PODS_PODFILE_DIR_PATH}/Podfile.lock\" \"${PODS_ROOT}/Manifest.lock\" > /dev/null\nif [ $? != 0 ] ; then\n    # print error to STDERR\n    echo \"error: The sandbox is not in sync with the Podfile.lock. Run 'pod install' or update your CocoaPods installation.\" >&2\n    exit 1\nfi\n# This output is used by Xcode 'outputs' to avoid re-running this script phase.\necho \"SUCCESS\" > \"${SCRIPT_OUTPUT_FILE_0}\"\n";
			showEnvVarsInLog = 0;
		};
		F58A24122F4122D813B791FF /* [CP] Embed Pods Frameworks */ = {
			isa = PBXShellScriptBuildPhase;
			buildActionMask = 2147483647;
			files = (
			);
			inputPaths = (
			);
			name = "[CP] Embed Pods Frameworks";
			outputPaths = (
			);
			runOnlyForDeploymentPostprocessing = 0;
			shellPath = /bin/sh;
			shellScript = "\"${SRCROOT}/Pods/Target Support Files/Pods-OnlineStoreCrash/Pods-OnlineStoreCrash-frameworks.sh\"\n";
			showEnvVarsInLog = 0;
		};
/* End PBXShellScriptBuildPhase section */

/* Begin PBXSourcesBuildPhase section */
		54418F881F7AD822002FFD24 /* Sources */ = {
			isa = PBXSourcesBuildPhase;
			buildActionMask = 2147483647;
			files = (
				54418F921F7AD822002FFD24 /* ViewController.swift in Sources */,
				54418F901F7AD822002FFD24 /* AppDelegate.swift in Sources */,
			);
			runOnlyForDeploymentPostprocessing = 0;
		};
/* End PBXSourcesBuildPhase section */

/* Begin PBXVariantGroup section */
		54418F931F7AD822002FFD24 /* Main.storyboard */ = {
			isa = PBXVariantGroup;
			children = (
				54418F941F7AD822002FFD24 /* Base */,
			);
			name = Main.storyboard;
			sourceTree = "<group>";
		};
		54418F981F7AD822002FFD24 /* LaunchScreen.storyboard */ = {
			isa = PBXVariantGroup;
			children = (
				54418F991F7AD822002FFD24 /* Base */,
			);
			name = LaunchScreen.storyboard;
			sourceTree = "<group>";
		};
/* End PBXVariantGroup section */

/* Begin XCBuildConfiguration section */
		54418F9C1F7AD822002FFD24 /* Debug */ = {
			isa = XCBuildConfiguration;
			buildSettings = {
				ALWAYS_SEARCH_USER_PATHS = NO;
				CLANG_ANALYZER_NONNULL = YES;
				CLANG_ANALYZER_NUMBER_OBJECT_CONVERSION = YES_AGGRESSIVE;
				CLANG_CXX_LANGUAGE_STANDARD = "gnu++14";
				CLANG_CXX_LIBRARY = "libc++";
				CLANG_ENABLE_MODULES = YES;
				CLANG_ENABLE_OBJC_ARC = YES;
				CLANG_WARN_BLOCK_CAPTURE_AUTORELEASING = YES;
				CLANG_WARN_BOOL_CONVERSION = YES;
				CLANG_WARN_COMMA = YES;
				CLANG_WARN_CONSTANT_CONVERSION = YES;
				CLANG_WARN_DIRECT_OBJC_ISA_USAGE = YES_ERROR;
				CLANG_WARN_DOCUMENTATION_COMMENTS = YES;
				CLANG_WARN_EMPTY_BODY = YES;
				CLANG_WARN_ENUM_CONVERSION = YES;
				CLANG_WARN_INFINITE_RECURSION = YES;
				CLANG_WARN_INT_CONVERSION = YES;
				CLANG_WARN_NON_LITERAL_NULL_CONVERSION = YES;
				CLANG_WARN_OBJC_LITERAL_CONVERSION = YES;
				CLANG_WARN_OBJC_ROOT_CLASS = YES_ERROR;
				CLANG_WARN_RANGE_LOOP_ANALYSIS = YES;
				CLANG_WARN_STRICT_PROTOTYPES = YES;
				CLANG_WARN_SUSPICIOUS_MOVE = YES;
				CLANG_WARN_UNGUARDED_AVAILABILITY = YES_AGGRESSIVE;
				CLANG_WARN_UNREACHABLE_CODE = YES;
				CLANG_WARN__DUPLICATE_METHOD_MATCH = YES;
				CODE_SIGN_IDENTITY = "iPhone Developer";
				COPY_PHASE_STRIP = NO;
				DEBUG_INFORMATION_FORMAT = dwarf;
				ENABLE_BITCODE = NO;
				ENABLE_STRICT_OBJC_MSGSEND = YES;
				ENABLE_TESTABILITY = YES;
				GCC_C_LANGUAGE_STANDARD = gnu11;
				GCC_DYNAMIC_NO_PIC = NO;
				GCC_NO_COMMON_BLOCKS = YES;
				GCC_OPTIMIZATION_LEVEL = 0;
				GCC_PREPROCESSOR_DEFINITIONS = (
					"DEBUG=1",
					"$(inherited)",
				);
				GCC_WARN_64_TO_32_BIT_CONVERSION = YES;
				GCC_WARN_ABOUT_RETURN_TYPE = YES_ERROR;
				GCC_WARN_UNDECLARED_SELECTOR = YES;
				GCC_WARN_UNINITIALIZED_AUTOS = YES_AGGRESSIVE;
				GCC_WARN_UNUSED_FUNCTION = YES;
				GCC_WARN_UNUSED_VARIABLE = YES;
				IPHONEOS_DEPLOYMENT_TARGET = 11.0;
				MTL_ENABLE_DEBUG_INFO = YES;
				ONLY_ACTIVE_ARCH = YES;
				SDKROOT = iphoneos;
				SWIFT_ACTIVE_COMPILATION_CONDITIONS = DEBUG;
				SWIFT_OPTIMIZATION_LEVEL = "-Onone";
			};
			name = Debug;
		};
		54418F9D1F7AD822002FFD24 /* Release */ = {
			isa = XCBuildConfiguration;
			buildSettings = {
				ALWAYS_SEARCH_USER_PATHS = NO;
				CLANG_ANALYZER_NONNULL = YES;
				CLANG_ANALYZER_NUMBER_OBJECT_CONVERSION = YES_AGGRESSIVE;
				CLANG_CXX_LANGUAGE_STANDARD = "gnu++14";
				CLANG_CXX_LIBRARY = "libc++";
				CLANG_ENABLE_MODULES = YES;
				CLANG_ENABLE_OBJC_ARC = YES;
				CLANG_WARN_BLOCK_CAPTURE_AUTORELEASING = YES;
				CLANG_WARN_BOOL_CONVERSION = YES;
				CLANG_WARN_COMMA = YES;
				CLANG_WARN_CONSTANT_CONVERSION = YES;
				CLANG_WARN_DIRECT_OBJC_ISA_USAGE = YES_ERROR;
				CLANG_WARN_DOCUMENTATION_COMMENTS = YES;
				CLANG_WARN_EMPTY_BODY = YES;
				CLANG_WARN_ENUM_CONVERSION = YES;
				CLANG_WARN_INFINITE_RECURSION = YES;
				CLANG_WARN_INT_CONVERSION = YES;
				CLANG_WARN_NON_LITERAL_NULL_CONVERSION = YES;
				CLANG_WARN_OBJC_LITERAL_CONVERSION = YES;
				CLANG_WARN_OBJC_ROOT_CLASS = YES_ERROR;
				CLANG_WARN_RANGE_LOOP_ANALYSIS = YES;
				CLANG_WARN_STRICT_PROTOTYPES = YES;
				CLANG_WARN_SUSPICIOUS_MOVE = YES;
				CLANG_WARN_UNGUARDED_AVAILABILITY = YES_AGGRESSIVE;
				CLANG_WARN_UNREACHABLE_CODE = YES;
				CLANG_WARN__DUPLICATE_METHOD_MATCH = YES;
				CODE_SIGN_IDENTITY = "iPhone Developer";
				COPY_PHASE_STRIP = NO;
				DEBUG_INFORMATION_FORMAT = "dwarf-with-dsym";
				ENABLE_BITCODE = NO;
				ENABLE_NS_ASSERTIONS = NO;
				ENABLE_STRICT_OBJC_MSGSEND = YES;
				GCC_C_LANGUAGE_STANDARD = gnu11;
				GCC_NO_COMMON_BLOCKS = YES;
				GCC_WARN_64_TO_32_BIT_CONVERSION = YES;
				GCC_WARN_ABOUT_RETURN_TYPE = YES_ERROR;
				GCC_WARN_UNDECLARED_SELECTOR = YES;
				GCC_WARN_UNINITIALIZED_AUTOS = YES_AGGRESSIVE;
				GCC_WARN_UNUSED_FUNCTION = YES;
				GCC_WARN_UNUSED_VARIABLE = YES;
				IPHONEOS_DEPLOYMENT_TARGET = 11.0;
				MTL_ENABLE_DEBUG_INFO = NO;
				SDKROOT = iphoneos;
				SWIFT_OPTIMIZATION_LEVEL = "-Owholemodule";
				VALIDATE_PRODUCT = YES;
			};
			name = Release;
		};
		54418F9F1F7AD822002FFD24 /* Debug */ = {
			isa = XCBuildConfiguration;
			baseConfigurationReference = 5C2493E68BBC92D1CBE0BB4A /* Pods-OnlineStoreCrash.debug.xcconfig */;
			buildSettings = {
				ASSETCATALOG_COMPILER_APPICON_NAME = AppIcon;
				CLANG_ENABLE_MODULES = YES;
				CODE_SIGN_STYLE = Automatic;
				DEVELOPMENT_TEAM = 4RNJP3AR6H;
				INFOPLIST_FILE = OnlineStoreCrash/Info.plist;
				LD_RUNPATH_SEARCH_PATHS = "$(inherited) @executable_path/Frameworks";
				PRODUCT_BUNDLE_IDENTIFIER = de.andrena.OnlineStoreCrash;
				PRODUCT_NAME = "$(TARGET_NAME)";
				SWIFT_OBJC_BRIDGING_HEADER = "OnlineStoreCrash-Bridging-Header.h";
				SWIFT_OPTIMIZATION_LEVEL = "-Onone";
				SWIFT_VERSION = 4.0;
				TARGETED_DEVICE_FAMILY = "1,2";
			};
			name = Debug;
		};
		54418FA01F7AD822002FFD24 /* Release */ = {
			isa = XCBuildConfiguration;
			baseConfigurationReference = 490C0A6B998D81289104D596 /* Pods-OnlineStoreCrash.release.xcconfig */;
			buildSettings = {
				ASSETCATALOG_COMPILER_APPICON_NAME = AppIcon;
				CLANG_ENABLE_MODULES = YES;
				CODE_SIGN_STYLE = Automatic;
				DEVELOPMENT_TEAM = 4RNJP3AR6H;
				INFOPLIST_FILE = OnlineStoreCrash/Info.plist;
				LD_RUNPATH_SEARCH_PATHS = "$(inherited) @executable_path/Frameworks";
				PRODUCT_BUNDLE_IDENTIFIER = de.andrena.OnlineStoreCrash;
				PRODUCT_NAME = "$(TARGET_NAME)";
				SWIFT_OBJC_BRIDGING_HEADER = "OnlineStoreCrash-Bridging-Header.h";
				SWIFT_VERSION = 4.0;
				TARGETED_DEVICE_FAMILY = "1,2";
			};
			name = Release;
		};
/* End XCBuildConfiguration section */

/* Begin XCConfigurationList section */
		54418F871F7AD822002FFD24 /* Build configuration list for PBXProject "OnlineStoreCrash" */ = {
			isa = XCConfigurationList;
			buildConfigurations = (
				54418F9C1F7AD822002FFD24 /* Debug */,
				54418F9D1F7AD822002FFD24 /* Release */,
			);
			defaultConfigurationIsVisible = 0;
			defaultConfigurationName = Release;
		};
		54418F9E1F7AD822002FFD24 /* Build configuration list for PBXNativeTarget "OnlineStoreCrash" */ = {
			isa = XCConfigurationList;
			buildConfigurations = (
				54418F9F1F7AD822002FFD24 /* Debug */,
				54418FA01F7AD822002FFD24 /* Release */,
			);
			defaultConfigurationIsVisible = 0;
			defaultConfigurationName = Release;
		};
/* End XCConfigurationList section */
	};
	rootObject = 54418F841F7AD822002FFD24 /* Project object */;
}
